
Microsoft Visual Studio Solution File, Format Version 12.00
# Visual Studio Version 16
VisualStudioVersion = 16.0.30804.86
MinimumVisualStudioVersion = 10.0.40219.1
Project("{FAE04EC0-301F-11D3-BF4B-00C04F79EFBC}") = "Alcohol market", "Alcohol market\Alcohol market.csproj", "{F7366067-1D19-4A71-A601-BC34FD3599B7}"
EndProject
Global
	GlobalSection(SolutionConfigurationPlatforms) = preSolution
		Debug|Any CPU = Debug|Any CPU
		Release|Any CPU = Release|Any CPU
	EndGlobalSection
	GlobalSection(ProjectConfigurationPlatforms) = postSolution
		{F7366067-1D19-4A71-A601-BC34FD3599B7}.Debug|Any CPU.ActiveCfg = Debug|Any CPU
		{F7366067-1D19-4A71-A601-BC34FD3599B7}.Debug|Any CPU.Build.0 = Debug|Any CPU
		{F7366067-1D19-4A71-A601-BC34FD3599B7}.Release|Any CPU.ActiveCfg = Release|Any CPU
		{F7366067-1D19-4A71-A601-BC34FD3599B7}.Release|Any CPU.Build.0 = Release|Any CPU
	EndGlobalSection
	GlobalSection(SolutionProperties) = preSolution
		HideSolutionNode = FALSE
	EndGlobalSection
	GlobalSection(ExtensibilityGlobals) = postSolution
		SolutionGuid = {BF07050E-DD8E-4593-8E6A-53FF87E3EAE9}
	EndGlobalSection
EndGlobal
