
Microsoft Visual Studio Solution File, Format Version 12.00
# Visual Studio Version 16
VisualStudioVersion = 16.0.30804.86
MinimumVisualStudioVersion = 10.0.40219.1
Project("{FAE04EC0-301F-11D3-BF4B-00C04F79EFBC}") = "Legendary farming", "..\Legendary farming\Legendary farming.csproj", "{58A95650-2723-4385-8517-1BBF2B085A36}"
EndProject
Global
	GlobalSection(SolutionConfigurationPlatforms) = preSolution
		Debug|Any CPU = Debug|Any CPU
		Release|Any CPU = Release|Any CPU
	EndGlobalSection
	GlobalSection(ProjectConfigurationPlatforms) = postSolution
		{58A95650-2723-4385-8517-1BBF2B085A36}.Debug|Any CPU.ActiveCfg = Debug|Any CPU
		{58A95650-2723-4385-8517-1BBF2B085A36}.Debug|Any CPU.Build.0 = Debug|Any CPU
		{58A95650-2723-4385-8517-1BBF2B085A36}.Release|Any CPU.ActiveCfg = Release|Any CPU
		{58A95650-2723-4385-8517-1BBF2B085A36}.Release|Any CPU.Build.0 = Release|Any CPU
	EndGlobalSection
	GlobalSection(SolutionProperties) = preSolution
		HideSolutionNode = FALSE
	EndGlobalSection
	GlobalSection(ExtensibilityGlobals) = postSolution
		SolutionGuid = {28267B6F-7C31-4C21-9A22-1EE76622D2DF}
	EndGlobalSection
EndGlobal
